<Solution>
  <Folder Name="/src/">
    <Project Path="src/TorrentClient.Application/TorrentClient.Application.csproj" />
    <Project Path="src/TorrentClient.Domain/TorrentClient.Domain.csproj" />
    <Project Path="src/TorrentClient.Infrastructure/TorrentClient.Infrastructure.csproj" />
    <Project Path="src/TorrentClient.Presentation.CLI/TorrentClient.Presentation.CLI.csproj" />
  </Folder>
  <Folder Name="/tests/">
    <Project Path="tests/TorrentClient.Application.Tests/TorrentClient.Application.Tests.csproj" />
    <Project Path="tests/TorrentClient.Domain.Tests/TorrentClient.Domain.Tests.csproj" />
    <Project Path="tests/TorrentClient.Infrastructure.Tests/TorrentClient.Infrastructure.Tests.csproj" />
  </Folder>
</Solution>
